
Microsoft Visual Studio Solution File, Format Version 12.00
# Visual Studio Version 18
VisualStudioVersion = 18.5.11723.231 stable
MinimumVisualStudioVersion = 10.0.40219.1
Project("{FAE04EC0-301F-11D3-BF4B-00C04F79EFBC}") = "ShishaPointPrinterTray", "ShishaPointPrinterTray.csproj", "{4D6CCDE7-3919-58BE-EC04-0FFCC458420F}"
EndProject
Global
	GlobalSection(SolutionConfigurationPlatforms) = preSolution
		Debug|Any CPU = Debug|Any CPU
		Release|Any CPU = Release|Any CPU
	EndGlobalSection
	GlobalSection(ProjectConfigurationPlatforms) = postSolution
		{4D6CCDE7-3919-58BE-EC04-0FFCC458420F}.Debug|Any CPU.ActiveCfg = Debug|Any CPU
		{4D6CCDE7-3919-58BE-EC04-0FFCC458420F}.Debug|Any CPU.Build.0 = Debug|Any CPU
		{4D6CCDE7-3919-58BE-EC04-0FFCC458420F}.Release|Any CPU.ActiveCfg = Release|Any CPU
		{4D6CCDE7-3919-58BE-EC04-0FFCC458420F}.Release|Any CPU.Build.0 = Release|Any CPU
	EndGlobalSection
	GlobalSection(SolutionProperties) = preSolution
		HideSolutionNode = FALSE
	EndGlobalSection
	GlobalSection(ExtensibilityGlobals) = postSolution
		SolutionGuid = {EFE5B3DF-E656-4FED-8634-88883C7A522A}
	EndGlobalSection
EndGlobal
